PODS:
  - amplitude_experiment (0.1.0-alpha.2):
    - AmplitudeExperiment (= 1.19.0)
    - Flutter
  - amplitude_flutter (0.0.1):
    - AmplitudeSwift (= 1.15.1)
    - Flutter
    - FlutterMacOS
  - AmplitudeCore (1.4.0)
  - AmplitudeExperiment (1.19.0):
    - AmplitudeCore (< 2.0.0, >= 1.0.12)
    - AnalyticsConnector (~> 1.3)
  - AmplitudeSwift (1.15.1):
    - AmplitudeCore (< 2.0.0, >= 1.1.0)
    - AnalyticsConnector (~> 1.3.0)
  - AnalyticsConnector (1.3.1)
  - Flutter (1.0.0)
  - integration_test (0.0.1):
    - Flutter

DEPENDENCIES:
  - amplitude_experiment (from `.symlinks/plugins/amplitude_experiment/ios`)
  - amplitude_flutter (from `.symlinks/plugins/amplitude_flutter/darwin`)
  - Flutter (from `Flutter`)
  - integration_test (from `.symlinks/plugins/integration_test/ios`)

SPEC REPOS:
  trunk:
    - AmplitudeCore
    - AmplitudeExperiment
    - AmplitudeSwift
    - AnalyticsConnector

EXTERNAL SOURCES:
  amplitude_experiment:
    :path: ".symlinks/plugins/amplitude_experiment/ios"
  amplitude_flutter:
    :path: ".symlinks/plugins/amplitude_flutter/darwin"
  Flutter:
    :path: Flutter
  integration_test:
    :path: ".symlinks/plugins/integration_test/ios"

SPEC CHECKSUMS:
  amplitude_experiment: 045c131acea9ab2234df826b097230fb4aab09f4
  amplitude_flutter: 6cc0a673ea65900beab45e3c9c55f2095e6287e7
  AmplitudeCore: 7d8c9aa750734dd9817d8a77be510e01977ddd03
  AmplitudeExperiment: 25356f3ac32a9bfb5f1fdeacb15363b0f8e01985
  AmplitudeSwift: 41d52966044cc377435eda13124854ab7b4ec454
  AnalyticsConnector: 3def11199b4ddcad7202c778bde982ec5da0ebb3
  Flutter: cabc95a1d2626b1b06e7179b784ebcf0c0cde467
  integration_test: 4a889634ef21a45d28d50d622cf412dc6d9f586e

PODFILE CHECKSUM: 251cb053df7158f337c0712f2ab29f4e0fa474ce

COCOAPODS: 1.16.2
